
Microsoft Visual Studio Solution File, Format Version 12.00
# Visual Studio Version 16
VisualStudioVersion = 16.0.30204.135
MinimumVisualStudioVersion = 10.0.40219.1
Project("{FAE04EC0-301F-11D3-BF4B-00C04F79EFBC}") = "CsharpAdvanced", "CsharpAdvanced\CsharpAdvanced.csproj", "{2085E719-C40A-4B22-89E5-FCC16728F3CC}"
EndProject
Global
	GlobalSection(SolutionConfigurationPlatforms) = preSolution
		Debug|Any CPU = Debug|Any CPU
		Release|Any CPU = Release|Any CPU
	EndGlobalSection
	GlobalSection(ProjectConfigurationPlatforms) = postSolution
		{2085E719-C40A-4B22-89E5-FCC16728F3CC}.Debug|Any CPU.ActiveCfg = Debug|Any CPU
		{2085E719-C40A-4B22-89E5-FCC16728F3CC}.Debug|Any CPU.Build.0 = Debug|Any CPU
		{2085E719-C40A-4B22-89E5-FCC16728F3CC}.Release|Any CPU.ActiveCfg = Release|Any CPU
		{2085E719-C40A-4B22-89E5-FCC16728F3CC}.Release|Any CPU.Build.0 = Release|Any CPU
	EndGlobalSection
	GlobalSection(SolutionProperties) = preSolution
		HideSolutionNode = FALSE
	EndGlobalSection
	GlobalSection(ExtensibilityGlobals) = postSolution
		SolutionGuid = {4A64AC49-0090-43BE-A9EF-CB7240D2C38D}
	EndGlobalSection
EndGlobal
